<?xml version="1.0" encoding="utf-8"?>
<Project ToolsVersion="4.0" xmlns="http://schemas.microsoft.com/developer/msbuild/2003">
  <ItemGroup>
    <Filter Include="Source Files">
      <UniqueIdentifier>{4FC737F1-C7A5-4376-A066-2A32D752A2FF}</UniqueIdentifier>
      <Extensions>cpp;c;cc;cxx;c++;cppm;ixx;def;odl;idl;hpj;bat;asm;asmx</Extensions>
    </Filter>
    <Filter Include="Header Files">
      <UniqueIdentifier>{93995380-89BD-4b04-88EB-625FBE52EBFB}</UniqueIdentifier>
      <Extensions>h;hh;hpp;hxx;h++;hm;inl;inc;ipp;xsd</Extensions>
    </Filter>
    <Filter Include="Resource Files">
      <UniqueIdentifier>{67DA6AB6-F800-4c08-8B7A-83BB121AAD01}</UniqueIdentifier>
      <Extensions>rc;ico;cur;bmp;dlg;rc2;rct;bin;rgs;gif;jpg;jpeg;jpe;resx;tiff;tif;png;wav;mfcribbon-ms</Extensions>
    </Filter>
  </ItemGroup>
  <ItemGroup>
    <ClCompile Include="src\day3_class\1_Main.cpp">
      <Filter>Source Files</Filter>
    </ClCompile>
    <ClCompile Include="src\day3_class\2_类和结构体的区别.cpp">
      <Filter>Source Files</Filter>
    </ClCompile>
    <ClCompile Include="src\day3_class\9_inheritance.cpp">
      <Filter>Source Files</Filter>
    </ClCompile>
    <ClCompile Include="src\day3_class\10虚函数.cpp">
      <Filter>Source Files</Filter>
    </ClCompile>
    <ClCompile Include="src\0_Main.cpp">
      <Filter>Source Files</Filter>
    </ClCompile>
    <ClCompile Include="src\day4\1_Main.cpp">
      <Filter>Source Files</Filter>
    </ClCompile>
    <ClCompile Include="src\day5\1_Main.cpp">
      <Filter>Source Files</Filter>
    </ClCompile>
    <ClCompile Include="src\day6\1_Main.cpp">
      <Filter>Source Files</Filter>
    </ClCompile>
    <ClCompile Include="src\day7\1_Main.cpp">
      <Filter>Source Files</Filter>
    </ClCompile>
    <ClCompile Include="src\day8\0_Main.cpp">
      <Filter>Source Files</Filter>
    </ClCompile>
    <ClCompile Include="src\day9\0_Main.cpp">
      <Filter>Source Files</Filter>
    </ClCompile>
    <ClCompile Include="src\day10\0_Main.cpp">
      <Filter>Source Files</Filter>
    </ClCompile>
  </ItemGroup>
  <ItemGroup>
    <ClInclude Include="src\day3_class\3_LOG.h">
      <Filter>Header Files</Filter>
    </ClInclude>
    <ClInclude Include="src\day3_class\4_static.h">
      <Filter>Header Files</Filter>
    </ClInclude>
    <ClInclude Include="src\day3_class\5_LocalStatic.h">
      <Filter>Header Files</Filter>
    </ClInclude>
    <ClInclude Include="src\day3_class\6_enum.h">
      <Filter>Header Files</Filter>
    </ClInclude>
    <ClInclude Include="src\day3_class\7_Conductor.h">
      <Filter>Header Files</Filter>
    </ClInclude>
    <ClInclude Include="src\day3_class\8_Destructors.h">
      <Filter>Header Files</Filter>
    </ClInclude>
    <ClInclude Include="src\day4\2_interfaces_pure_virtual_func.h">
      <Filter>Header Files</Filter>
    </ClInclude>
    <ClInclude Include="src\day4\3_visibility.h">
      <Filter>Header Files</Filter>
    </ClInclude>
    <ClInclude Include="src\day4\4_array.h">
      <Filter>Header Files</Filter>
    </ClInclude>
    <ClInclude Include="src\day4\5_string.h">
      <Filter>Header Files</Filter>
    </ClInclude>
    <ClInclude Include="src\day4\6_string_literal.h">
      <Filter>Header Files</Filter>
    </ClInclude>
    <ClInclude Include="src\day4\7_const.h">
      <Filter>Header Files</Filter>
    </ClInclude>
    <ClInclude Include="src\day4\8_Mutable.h">
      <Filter>Header Files</Filter>
    </ClInclude>
    <ClInclude Include="src\day4\9_Member_Initializer_Lists.h">
      <Filter>Header Files</Filter>
    </ClInclude>
    <ClInclude Include="src\day4\10_Ternary_Operation.h">
      <Filter>Header Files</Filter>
    </ClInclude>
    <ClInclude Include="src\day4\11_Create_Instance.h">
      <Filter>Header Files</Filter>
    </ClInclude>
    <ClInclude Include="src\day4\12_New_Keyword.h">
      <Filter>Header Files</Filter>
    </ClInclude>
    <ClInclude Include="src\day5\2_Implicit_Conversion_Explicit_Keword.h">
      <Filter>Header Files</Filter>
    </ClInclude>
    <ClInclude Include="src\day5\3_Operators.h">
      <Filter>Header Files</Filter>
    </ClInclude>
    <ClInclude Include="src\day5\4_This_KeyWord.h">
      <Filter>Header Files</Filter>
    </ClInclude>
    <ClInclude Include="src\day5\5_Obj_LifeTime.h">
      <Filter>Header Files</Filter>
    </ClInclude>
    <ClInclude Include="src\day5\6_SmartPtr.h">
      <Filter>Header Files</Filter>
    </ClInclude>
    <ClInclude Include="src\day5\7_Copying_CopyConstructor.h">
      <Filter>Header Files</Filter>
    </ClInclude>
    <ClInclude Include="src\day5\8_Arrow_Operator.h">
      <Filter>Header Files</Filter>
    </ClInclude>
    <ClInclude Include="src\day5\9_Dynamic_Array.h">
      <Filter>Header Files</Filter>
    </ClInclude>
    <ClInclude Include="src\day5\10_Optimizing_Usage_Vector.h">
      <Filter>Header Files</Filter>
    </ClInclude>
    <ClInclude Include="src\day6\2_Static_Linking.h">
      <Filter>Header Files</Filter>
    </ClInclude>
    <ClInclude Include="src\day6\3_Using_DLL.h">
      <Filter>Header Files</Filter>
    </ClInclude>
    <ClInclude Include="src\day6\4_Making_Linking_Lib.h">
      <Filter>Header Files</Filter>
    </ClInclude>
    <ClInclude Include="src\day6\5_Multiple_Return_Value.h">
      <Filter>Header Files</Filter>
    </ClInclude>
    <ClInclude Include="src\day6\6_Template.h">
      <Filter>Header Files</Filter>
    </ClInclude>
    <ClInclude Include="src\day6\7_Stack &amp; Heap.h">
      <Filter>Header Files</Filter>
    </ClInclude>
    <ClInclude Include="src\day6\8_Macros.h">
      <Filter>Header Files</Filter>
    </ClInclude>
    <ClInclude Include="src\day6\9_auto.h">
      <Filter>Header Files</Filter>
    </ClInclude>
    <ClInclude Include="src\day6\10_Static_Array.h">
      <Filter>Header Files</Filter>
    </ClInclude>
    <ClInclude Include="src\day6\11_Function_Pointer.h">
      <Filter>Header Files</Filter>
    </ClInclude>
    <ClInclude Include="src\day6\12_Lambda.h">
      <Filter>Header Files</Filter>
    </ClInclude>
    <ClInclude Include="src\day7\2_namespace.h">
      <Filter>Header Files</Filter>
    </ClInclude>
    <ClInclude Include="src\day7\3_Threads.h">
      <Filter>Header Files</Filter>
    </ClInclude>
    <ClInclude Include="src\day7\4_Timing.h">
      <Filter>Header Files</Filter>
    </ClInclude>
    <ClInclude Include="src\day7\5_MultiDemensional_Arrays.h">
      <Filter>Header Files</Filter>
    </ClInclude>
    <ClInclude Include="src\day7\6_Sorting.h">
      <Filter>Header Files</Filter>
    </ClInclude>
    <ClInclude Include="src\day7\7_Type_Punning.h">
      <Filter>Header Files</Filter>
    </ClInclude>
    <ClInclude Include="src\day7\8_Unions.h">
      <Filter>Header Files</Filter>
    </ClInclude>
    <ClInclude Include="src\day7\9_Vitrual_Destructors.h">
      <Filter>Header Files</Filter>
    </ClInclude>
    <ClInclude Include="src\day7\10_Casting.h">
      <Filter>Header Files</Filter>
    </ClInclude>
    <ClInclude Include="src\day8\1_Conditional_And_ActionBreakpoints.h">
      <Filter>Header Files</Filter>
    </ClInclude>
    <ClInclude Include="src\day8\2_Safty.h">
      <Filter>Header Files</Filter>
    </ClInclude>
    <ClInclude Include="src\day8\3_Precompiled Header.h">
      <Filter>Header Files</Filter>
    </ClInclude>
    <ClInclude Include="src\day8\4_Dynamic Casting.h">
      <Filter>Header Files</Filter>
    </ClInclude>
    <ClInclude Include="src\day8\5_BENCHMARKING.h">
      <Filter>Header Files</Filter>
    </ClInclude>
    <ClInclude Include="src\day8\6_STRUCTURED BINDINGS.H">
      <Filter>Header Files</Filter>
    </ClInclude>
    <ClInclude Include="src\day8\7_OPTIONAL DATA.H">
      <Filter>Header Files</Filter>
    </ClInclude>
    <ClInclude Include="src\day8\9_Store Any Data.h">
      <Filter>Header Files</Filter>
    </ClInclude>
    <ClInclude Include="src\day8\8_Multiple Type Data in Single Varible.h">
      <Filter>Header Files</Filter>
    </ClInclude>
    <ClInclude Include="src\day8\10_Run Faster_ASYNC.h">
      <Filter>Header Files</Filter>
    </ClInclude>
    <ClInclude Include="src\day9\1_Strings Faster.h">
      <Filter>Header Files</Filter>
    </ClInclude>
    <ClInclude Include="src\day9\2_ADVANCED.h">
      <Filter>Header Files</Filter>
    </ClInclude>
    <ClInclude Include="src\day9\3_SINGLETONS.h">
      <Filter>Header Files</Filter>
    </ClInclude>
    <ClInclude Include="src\day9\4_Small String Optimization.h">
      <Filter>Header Files</Filter>
    </ClInclude>
    <ClInclude Include="src\day9\5_Track Memory Allocation.h">
      <Filter>Header Files</Filter>
    </ClInclude>
    <ClInclude Include="src\day9\6_Ivalues and rvalues.h">
      <Filter>Header Files</Filter>
    </ClInclude>
    <ClInclude Include="src\day9\7_Continuous Integration.h">
      <Filter>Header Files</Filter>
    </ClInclude>
    <ClInclude Include="src\day9\8_Static Analysis.h">
      <Filter>Header Files</Filter>
    </ClInclude>
    <ClInclude Include="src\day9\9_Args Evaluation Order.h">
      <Filter>Header Files</Filter>
    </ClInclude>
    <ClInclude Include="src\day9\10_Move Semantics.h">
      <Filter>Header Files</Filter>
    </ClInclude>
    <ClInclude Include="src\day9\2_VISUAL BENCHMARKING.h">
      <Filter>Header Files</Filter>
    </ClInclude>
  </ItemGroup>
</Project>